{
  "name": "carden",
  "version": "1.0.0",
  "lockfileVersion": 1,
  "requires": true,
  "dependencies": {
    "use-react-screenshot": {
      "version": "1.0.2",
      "resolved": "https://registry.npmjs.org/use-react-screenshot/-/use-react-screenshot-1.0.2.tgz",
      "integrity": "sha512-dEloUgNs7tt187Qdmnce848uIL/QEpw7d/g4QmVif3daygrnMWbcpS+Lq5F2KlEjuKJIS4Ws1zxVACO5T5lo5Q=="
    }
  }
}
